// !$*UTF8*$!
{
	archiveVersion = 1;
	classes = {
	};
	objectVersion = 46;
	objects = {

/* Begin PBXBuildFile section */
		B4254A431535D86F00E7D173 /* main.cpp in Sources */ = {isa = PBXBuildFile; fileRef = B4254A421535D86F00E7D173 /* main.cpp */; };
		B4254A451535D86F00E7D173 /* RecForme.1 in CopyFiles */ = {isa = PBXBuildFile; fileRef = B4254A441535D86F00E7D173 /* RecForme.1 */; };
		B4254A4E1535E30C00E7D173 /* NeuroneCarte.cpp in Sources */ = {isa = PBXBuildFile; fileRef = B4254A4D1535E30C00E7D173 /* NeuroneCarte.cpp */; };
		B4254A511535EF5900E7D173 /* NeuroneInput.cpp in Sources */ = {isa = PBXBuildFile; fileRef = B4254A501535EF5900E7D173 /* NeuroneInput.cpp */; };
		B4254A541535EF7800E7D173 /* Carte.cpp in Sources */ = {isa = PBXBuildFile; fileRef = B4254A531535EF7800E7D173 /* Carte.cpp */; };
		B437167A15869D4900FFDB5E /* Classe.cpp in Sources */ = {isa = PBXBuildFile; fileRef = B437167915869D4900FFDB5E /* Classe.cpp */; };
		B437168015869FC600FFDB5E /* ClasseChiffre.cpp in Sources */ = {isa = PBXBuildFile; fileRef = B437167F15869FC600FFDB5E /* ClasseChiffre.cpp */; };
		B43716851586A33200FFDB5E /* Tests.cpp in Sources */ = {isa = PBXBuildFile; fileRef = B43716841586A33200FFDB5E /* Tests.cpp */; };
		B45EAA8F1539AD32007C44EB /* CartePNG.cpp in Sources */ = {isa = PBXBuildFile; fileRef = B45EAA8D1539AD32007C44EB /* CartePNG.cpp */; };
		B4626BA815388FF700F96483 /* InputLayer.cpp in Sources */ = {isa = PBXBuildFile; fileRef = B45E78ED15386DA100A6A0D8 /* InputLayer.cpp */; };
		B4626BA915388FFA00F96483 /* InputLayerPNG.cpp in Sources */ = {isa = PBXBuildFile; fileRef = B4626BA41538850100F96483 /* InputLayerPNG.cpp */; };
		B4FE1F9D1536E06A001B7000 /* Image.cpp in Sources */ = {isa = PBXBuildFile; fileRef = B4FE1F9C1536E06A001B7000 /* Image.cpp */; };
/* End PBXBuildFile section */

/* Begin PBXCopyFilesBuildPhase section */
		B4254A3C1535D86E00E7D173 /* CopyFiles */ = {
			isa = PBXCopyFilesBuildPhase;
			buildActionMask = 2147483647;
			dstPath = /usr/share/man/man1/;
			dstSubfolderSpec = 0;
			files = (
				B4254A451535D86F00E7D173 /* RecForme.1 in CopyFiles */,
			);
			runOnlyForDeploymentPostprocessing = 1;
		};
/* End PBXCopyFilesBuildPhase section */

/* Begin PBXFileReference section */
		B4254A3E1535D86F00E7D173 /* RecForme */ = {isa = PBXFileReference; explicitFileType = "compiled.mach-o.executable"; includeInIndex = 0; path = RecForme; sourceTree = BUILT_PRODUCTS_DIR; };
		B4254A421535D86F00E7D173 /* main.cpp */ = {isa = PBXFileReference; lastKnownFileType = sourcecode.cpp.cpp; path = main.cpp; sourceTree = "<group>"; };
		B4254A441535D86F00E7D173 /* RecForme.1 */ = {isa = PBXFileReference; lastKnownFileType = text.man; path = RecForme.1; sourceTree = "<group>"; };
		B4254A4D1535E30C00E7D173 /* NeuroneCarte.cpp */ = {isa = PBXFileReference; fileEncoding = 4; lastKnownFileType = sourcecode.cpp.cpp; path = NeuroneCarte.cpp; sourceTree = "<group>"; };
		B4254A4F1535ECF500E7D173 /* NeuroneCarte.h */ = {isa = PBXFileReference; lastKnownFileType = sourcecode.c.h; path = NeuroneCarte.h; sourceTree = "<group>"; };
		B4254A501535EF5900E7D173 /* NeuroneInput.cpp */ = {isa = PBXFileReference; fileEncoding = 4; lastKnownFileType = sourcecode.cpp.cpp; path = NeuroneInput.cpp; sourceTree = "<group>"; };
		B4254A521535EF6600E7D173 /* NeuroneInput.h */ = {isa = PBXFileReference; lastKnownFileType = sourcecode.c.h; path = NeuroneInput.h; sourceTree = "<group>"; };
		B4254A531535EF7800E7D173 /* Carte.cpp */ = {isa = PBXFileReference; fileEncoding = 4; lastKnownFileType = sourcecode.cpp.cpp; lineEnding = 0; path = Carte.cpp; sourceTree = "<group>"; xcLanguageSpecificationIdentifier = xcode.lang.cpp; };
		B4254A551535EF8200E7D173 /* Carte.h */ = {isa = PBXFileReference; lastKnownFileType = sourcecode.c.h; lineEnding = 0; path = Carte.h; sourceTree = "<group>"; xcLanguageSpecificationIdentifier = xcode.lang.objcpp; };
		B437167915869D4900FFDB5E /* Classe.cpp */ = {isa = PBXFileReference; fileEncoding = 4; lastKnownFileType = sourcecode.cpp.cpp; path = Classe.cpp; sourceTree = "<group>"; };
		B437167C15869D5900FFDB5E /* Classe.h */ = {isa = PBXFileReference; lastKnownFileType = sourcecode.c.h; path = Classe.h; sourceTree = "<group>"; };
		B437167F15869FC600FFDB5E /* ClasseChiffre.cpp */ = {isa = PBXFileReference; fileEncoding = 4; lastKnownFileType = sourcecode.cpp.cpp; path = ClasseChiffre.cpp; sourceTree = "<group>"; };
		B437168115869FD900FFDB5E /* ClasseChiffre.h */ = {isa = PBXFileReference; lastKnownFileType = sourcecode.c.h; path = ClasseChiffre.h; sourceTree = "<group>"; };
		B43716841586A33200FFDB5E /* Tests.cpp */ = {isa = PBXFileReference; fileEncoding = 4; lastKnownFileType = sourcecode.cpp.cpp; path = Tests.cpp; sourceTree = "<group>"; };
		B43716861586A33C00FFDB5E /* Tests.h */ = {isa = PBXFileReference; lastKnownFileType = sourcecode.c.h; path = Tests.h; sourceTree = "<group>"; };
		B45E78EB15386D8400A6A0D8 /* InputLayer.h */ = {isa = PBXFileReference; lastKnownFileType = sourcecode.c.h; path = InputLayer.h; sourceTree = "<group>"; };
		B45E78ED15386DA100A6A0D8 /* InputLayer.cpp */ = {isa = PBXFileReference; fileEncoding = 4; lastKnownFileType = sourcecode.cpp.cpp; path = InputLayer.cpp; sourceTree = "<group>"; };
		B45EAA8D1539AD32007C44EB /* CartePNG.cpp */ = {isa = PBXFileReference; fileEncoding = 4; lastKnownFileType = sourcecode.cpp.cpp; lineEnding = 0; path = CartePNG.cpp; sourceTree = "<group>"; xcLanguageSpecificationIdentifier = xcode.lang.cpp; };
		B45EAA8E1539AD32007C44EB /* CartePNG.h */ = {isa = PBXFileReference; fileEncoding = 4; lastKnownFileType = sourcecode.c.h; lineEnding = 0; path = CartePNG.h; sourceTree = "<group>"; xcLanguageSpecificationIdentifier = xcode.lang.objcpp; };
		B4626BA41538850100F96483 /* InputLayerPNG.cpp */ = {isa = PBXFileReference; fileEncoding = 4; lastKnownFileType = sourcecode.cpp.cpp; path = InputLayerPNG.cpp; sourceTree = "<group>"; };
		B4626BA71538850D00F96483 /* InputLayerPNG.h */ = {isa = PBXFileReference; lastKnownFileType = sourcecode.c.h; path = InputLayerPNG.h; sourceTree = "<group>"; };
		B4FE1F9C1536E06A001B7000 /* Image.cpp */ = {isa = PBXFileReference; fileEncoding = 4; lastKnownFileType = sourcecode.cpp.cpp; path = Image.cpp; sourceTree = "<group>"; };
		B4FE1F9F1536E07B001B7000 /* Image.h */ = {isa = PBXFileReference; lastKnownFileType = sourcecode.c.h; path = Image.h; sourceTree = "<group>"; };
/* End PBXFileReference section */

/* Begin PBXFrameworksBuildPhase section */
		B4254A3B1535D86E00E7D173 /* Frameworks */ = {
			isa = PBXFrameworksBuildPhase;
			buildActionMask = 2147483647;
			files = (
			);
			runOnlyForDeploymentPostprocessing = 0;
		};
/* End PBXFrameworksBuildPhase section */

/* Begin PBXGroup section */
		B4254A331535D86E00E7D173 = {
			isa = PBXGroup;
			children = (
				B4254A411535D86F00E7D173 /* RecForme */,
				B4254A3F1535D86F00E7D173 /* Products */,
			);
			sourceTree = "<group>";
		};
		B4254A3F1535D86F00E7D173 /* Products */ = {
			isa = PBXGroup;
			children = (
				B4254A3E1535D86F00E7D173 /* RecForme */,
			);
			name = Products;
			sourceTree = "<group>";
		};
		B4254A411535D86F00E7D173 /* RecForme */ = {
			isa = PBXGroup;
			children = (
				B4254A4B1535E14300E7D173 /* headers */,
				B4254A4C1535E2E300E7D173 /* sources */,
				B4254A421535D86F00E7D173 /* main.cpp */,
				B4254A441535D86F00E7D173 /* RecForme.1 */,
			);
			path = RecForme;
			sourceTree = "<group>";
		};
		B4254A4B1535E14300E7D173 /* headers */ = {
			isa = PBXGroup;
			children = (
				B4FE1F9F1536E07B001B7000 /* Image.h */,
				B4254A521535EF6600E7D173 /* NeuroneInput.h */,
				B45E78EB15386D8400A6A0D8 /* InputLayer.h */,
				B4626BA71538850D00F96483 /* InputLayerPNG.h */,
				B437167C15869D5900FFDB5E /* Classe.h */,
				B4254A4F1535ECF500E7D173 /* NeuroneCarte.h */,
				B4254A551535EF8200E7D173 /* Carte.h */,
				B437168115869FD900FFDB5E /* ClasseChiffre.h */,
				B45EAA8E1539AD32007C44EB /* CartePNG.h */,
				B43716861586A33C00FFDB5E /* Tests.h */,
			);
			name = headers;
			sourceTree = "<group>";
		};
		B4254A4C1535E2E300E7D173 /* sources */ = {
			isa = PBXGroup;
			children = (
				B4FE1F9C1536E06A001B7000 /* Image.cpp */,
				B4254A501535EF5900E7D173 /* NeuroneInput.cpp */,
				B45E78ED15386DA100A6A0D8 /* InputLayer.cpp */,
				B4626BA41538850100F96483 /* InputLayerPNG.cpp */,
				B437167915869D4900FFDB5E /* Classe.cpp */,
				B4254A4D1535E30C00E7D173 /* NeuroneCarte.cpp */,
				B4254A531535EF7800E7D173 /* Carte.cpp */,
				B437167F15869FC600FFDB5E /* ClasseChiffre.cpp */,
				B45EAA8D1539AD32007C44EB /* CartePNG.cpp */,
				B43716841586A33200FFDB5E /* Tests.cpp */,
			);
			name = sources;
			sourceTree = "<group>";
		};
/* End PBXGroup section */

/* Begin PBXNativeTarget section */
		B4254A3D1535D86E00E7D173 /* RecForme */ = {
			isa = PBXNativeTarget;
			buildConfigurationList = B4254A481535D86F00E7D173 /* Build configuration list for PBXNativeTarget "RecForme" */;
			buildPhases = (
				B4254A3A1535D86E00E7D173 /* Sources */,
				B4254A3B1535D86E00E7D173 /* Frameworks */,
				B4254A3C1535D86E00E7D173 /* CopyFiles */,
			);
			buildRules = (
			);
			dependencies = (
			);
			name = RecForme;
			productName = RecForme;
			productReference = B4254A3E1535D86F00E7D173 /* RecForme */;
			productType = "com.apple.product-type.tool";
		};
/* End PBXNativeTarget section */

/* Begin PBXProject section */
		B4254A351535D86E00E7D173 /* Project object */ = {
			isa = PBXProject;
			attributes = {
				LastUpgradeCheck = 0430;
				ORGANIZATIONNAME = "Mines de Nancy";
			};
			buildConfigurationList = B4254A381535D86E00E7D173 /* Build configuration list for PBXProject "RecForme" */;
			compatibilityVersion = "Xcode 3.2";
			developmentRegion = English;
			hasScannedForEncodings = 0;
			knownRegions = (
				en,
			);
			mainGroup = B4254A331535D86E00E7D173;
			productRefGroup = B4254A3F1535D86F00E7D173 /* Products */;
			projectDirPath = "";
			projectRoot = "";
			targets = (
				B4254A3D1535D86E00E7D173 /* RecForme */,
			);
		};
/* End PBXProject section */

/* Begin PBXSourcesBuildPhase section */
		B4254A3A1535D86E00E7D173 /* Sources */ = {
			isa = PBXSourcesBuildPhase;
			buildActionMask = 2147483647;
			files = (
				B4254A431535D86F00E7D173 /* main.cpp in Sources */,
				B4254A4E1535E30C00E7D173 /* NeuroneCarte.cpp in Sources */,
				B4254A511535EF5900E7D173 /* NeuroneInput.cpp in Sources */,
				B4254A541535EF7800E7D173 /* Carte.cpp in Sources */,
				B4FE1F9D1536E06A001B7000 /* Image.cpp in Sources */,
				B4626BA815388FF700F96483 /* InputLayer.cpp in Sources */,
				B4626BA915388FFA00F96483 /* InputLayerPNG.cpp in Sources */,
				B45EAA8F1539AD32007C44EB /* CartePNG.cpp in Sources */,
				B437167A15869D4900FFDB5E /* Classe.cpp in Sources */,
				B437168015869FC600FFDB5E /* ClasseChiffre.cpp in Sources */,
				B43716851586A33200FFDB5E /* Tests.cpp in Sources */,
			);
			runOnlyForDeploymentPostprocessing = 0;
		};
/* End PBXSourcesBuildPhase section */

/* Begin XCBuildConfiguration section */
		B4254A461535D86F00E7D173 /* Debug */ = {
			isa = XCBuildConfiguration;
			buildSettings = {
				ALWAYS_SEARCH_USER_PATHS = NO;
				ARCHS = "$(ARCHS_STANDARD_64_BIT)";
				CLANG_ENABLE_OBJC_ARC = YES;
				COPY_PHASE_STRIP = NO;
				GCC_C_LANGUAGE_STANDARD = gnu99;
				GCC_DYNAMIC_NO_PIC = NO;
				GCC_ENABLE_OBJC_EXCEPTIONS = YES;
				GCC_OPTIMIZATION_LEVEL = 0;
				GCC_PREPROCESSOR_DEFINITIONS = (
					"DEBUG=1",
					"$(inherited)",
				);
				GCC_SYMBOLS_PRIVATE_EXTERN = NO;
				GCC_VERSION = com.apple.compilers.llvm.clang.1_0;
				GCC_WARN_64_TO_32_BIT_CONVERSION = YES;
				GCC_WARN_ABOUT_RETURN_TYPE = YES;
				GCC_WARN_UNINITIALIZED_AUTOS = YES;
				GCC_WARN_UNUSED_VARIABLE = YES;
				HEADER_SEARCH_PATHS = /opt/local/include;
				LIBRARY_SEARCH_PATHS = /opt/local/lib;
				MACOSX_DEPLOYMENT_TARGET = 10.7;
				ONLY_ACTIVE_ARCH = YES;
				OTHER_LDFLAGS = "-lpng";
				SDKROOT = macosx;
				SECTORDER_FLAGS = "-lpng";
			};
			name = Debug;
		};
		B4254A471535D86F00E7D173 /* Release */ = {
			isa = XCBuildConfiguration;
			buildSettings = {
				ALWAYS_SEARCH_USER_PATHS = NO;
				ARCHS = "$(ARCHS_STANDARD_64_BIT)";
				CLANG_ENABLE_OBJC_ARC = YES;
				COPY_PHASE_STRIP = YES;
				DEBUG_INFORMATION_FORMAT = "dwarf-with-dsym";
				GCC_C_LANGUAGE_STANDARD = gnu99;
				GCC_ENABLE_OBJC_EXCEPTIONS = YES;
				GCC_VERSION = com.apple.compilers.llvm.clang.1_0;
				GCC_WARN_64_TO_32_BIT_CONVERSION = YES;
				GCC_WARN_ABOUT_RETURN_TYPE = YES;
				GCC_WARN_UNINITIALIZED_AUTOS = YES;
				GCC_WARN_UNUSED_VARIABLE = YES;
				HEADER_SEARCH_PATHS = /opt/local/include;
				LIBRARY_SEARCH_PATHS = /opt/local/lib;
				MACOSX_DEPLOYMENT_TARGET = 10.7;
				OTHER_LDFLAGS = "-lpng";
				SDKROOT = macosx;
				SECTORDER_FLAGS = "-lpng";
			};
			name = Release;
		};
		B4254A491535D86F00E7D173 /* Debug */ = {
			isa = XCBuildConfiguration;
			buildSettings = {
				PRODUCT_NAME = "$(TARGET_NAME)";
			};
			name = Debug;
		};
		B4254A4A1535D86F00E7D173 /* Release */ = {
			isa = XCBuildConfiguration;
			buildSettings = {
				PRODUCT_NAME = "$(TARGET_NAME)";
			};
			name = Release;
		};
/* End XCBuildConfiguration section */

/* Begin XCConfigurationList section */
		B4254A381535D86E00E7D173 /* Build configuration list for PBXProject "RecForme" */ = {
			isa = XCConfigurationList;
			buildConfigurations = (
				B4254A461535D86F00E7D173 /* Debug */,
				B4254A471535D86F00E7D173 /* Release */,
			);
			defaultConfigurationIsVisible = 0;
			defaultConfigurationName = Release;
		};
		B4254A481535D86F00E7D173 /* Build configuration list for PBXNativeTarget "RecForme" */ = {
			isa = XCConfigurationList;
			buildConfigurations = (
				B4254A491535D86F00E7D173 /* Debug */,
				B4254A4A1535D86F00E7D173 /* Release */,
			);
			defaultConfigurationIsVisible = 0;
			defaultConfigurationName = Release;
		};
/* End XCConfigurationList section */
	};
	rootObject = B4254A351535D86E00E7D173 /* Project object */;
}
